
Microsoft Visual Studio Solution File, Format Version 12.00
# Visual Studio Version 16
VisualStudioVersion = 16.0.32106.194
MinimumVisualStudioVersion = 10.0.40219.1
Project("{FAE04EC0-301F-11D3-BF4B-00C04F79EFBC}") = "E-Cheque", "E-Cheque\E-Cheque.csproj", "{94822D26-2CDC-4141-A807-1D9A7D40DA53}"
EndProject
Global
	GlobalSection(SolutionConfigurationPlatforms) = preSolution
		Debug|Any CPU = Debug|Any CPU
		Release|Any CPU = Release|Any CPU
	EndGlobalSection
	GlobalSection(ProjectConfigurationPlatforms) = postSolution
		{94822D26-2CDC-4141-A807-1D9A7D40DA53}.Debug|Any CPU.ActiveCfg = Debug|Any CPU
		{94822D26-2CDC-4141-A807-1D9A7D40DA53}.Debug|Any CPU.Build.0 = Debug|Any CPU
		{94822D26-2CDC-4141-A807-1D9A7D40DA53}.Release|Any CPU.ActiveCfg = Release|Any CPU
		{94822D26-2CDC-4141-A807-1D9A7D40DA53}.Release|Any CPU.Build.0 = Release|Any CPU
	EndGlobalSection
	GlobalSection(SolutionProperties) = preSolution
		HideSolutionNode = FALSE
	EndGlobalSection
	GlobalSection(ExtensibilityGlobals) = postSolution
		SolutionGuid = {B60B2666-A5C2-43AA-8128-AA71EC0FB5BD}
	EndGlobalSection
EndGlobal
